{
    "_meta": {
        "hash": {
            "sha256": "206e4d2f8c6511fdb30cefd2f30bf0cbf0a5b9d7f8b7b6a5f8b04b99685c116b"
        },
        "pipfile-spec": 6,
        "requires": {
            "python_version": "3.8"
        },
        "sources": [
            {
                "name": "pypi",
                "url": "https://pypi.org/simple",
                "verify_ssl": true
            }
        ]
    },
    "default": {
        "django-phonenumber-field": {
            "extras": [
                "phonenumberslite"
            ],
            "version": "*"
        }
    },
    "develop": {}
}
